
Microsoft Visual Studio Solution File, Format Version 12.00
# Visual Studio Version 16
VisualStudioVersion = 16.0.33927.289
MinimumVisualStudioVersion = 10.0.40219.1
Project("{FAE04EC0-301F-11D3-BF4B-00C04F79EFBC}") = "CarreraAutos", "CarreraAutos\CarreraAutos.csproj", "{689E3549-10EF-4D69-A114-524DA842E70B}"
EndProject
Global
	GlobalSection(SolutionConfigurationPlatforms) = preSolution
		Debug|Any CPU = Debug|Any CPU
		Release|Any CPU = Release|Any CPU
	EndGlobalSection
	GlobalSection(ProjectConfigurationPlatforms) = postSolution
		{689E3549-10EF-4D69-A114-524DA842E70B}.Debug|Any CPU.ActiveCfg = Debug|Any CPU
		{689E3549-10EF-4D69-A114-524DA842E70B}.Debug|Any CPU.Build.0 = Debug|Any CPU
		{689E3549-10EF-4D69-A114-524DA842E70B}.Release|Any CPU.ActiveCfg = Release|Any CPU
		{689E3549-10EF-4D69-A114-524DA842E70B}.Release|Any CPU.Build.0 = Release|Any CPU
	EndGlobalSection
	GlobalSection(SolutionProperties) = preSolution
		HideSolutionNode = FALSE
	EndGlobalSection
	GlobalSection(ExtensibilityGlobals) = postSolution
		SolutionGuid = {6BCAB2F5-15D1-4BFA-8497-0FD040F6D6DA}
	EndGlobalSection
EndGlobal
